<?xml version="1.0" encoding="UTF-8" standalone="yes" ?>
<CodeBlocks_project_file>
	<FileVersion major="1" minor="6" />
	<Project>
		<Option title="kinematics_cache" />
		<Option pch_mode="2" />
		<Option compiler="gcc" />
		<Build>
			<Target title="Debug">
				<Option output="bin/Debug/kinematics_cache" prefix_auto="1" extension_auto="1" />
				<Option object_output="obj/Debug/" />
				<Option type="1" />
				<Option compiler="gcc" />
				<Compiler>
					<Add option="-g" />
				</Compiler>
			</Target>
			<Target title="Release">
				<Option output="bin/Release/kinematics_cache" prefix_auto="1" extension_auto="1" />
				<Option object_output="obj/Release/" />
				<Option type="1" />
				<Option compiler="gcc" />
				<Compiler>
					<Add option="-O2" />
				</Compiler>
				<Linker>
					<Add option="-s" />
				</Linker>
			</Target>
		</Build>
		<Compiler>
			<Add option="-Wall" />
			<Add option="-fexceptions" />
		</Compiler>
		<Unit filename="CMakeLists.txt" />
		<Unit filename="LICENSE" />
		<Unit filename="README.md" />
		<Unit filename="include/kinematics_cache/OcTreeJointAngles.h" />
		<Unit filename="include/kinematics_cache/kinematics_cache.h" />
		<Unit filename="kinematics_cache.layout" />
		<Unit filename="launch/kinematics_cache.launch" />
		<Unit filename="launch/kinematics_cache_loader.launch" />
		<Unit filename="launch/kinematics_cache_loader_fk.launch" />
		<Unit filename="launch/oc_tree_cleaner.launch" />
		<Unit filename="launch/oc_tree_copier.launch" />
		<Unit filename="launch/oc_tree_writer.launch" />
		<Unit filename="msg/IK.msg" />
		<Unit filename="msg/IKv2.msg" />
		<Unit filename="octree/left_arm.added.cleaned.ot" />
		<Unit filename="octree/left_arm.cleaned.ot" />
		<Unit filename="octree/left_arm.ot" />
		<Unit filename="octree/right_arm.added.cleaned.ot" />
		<Unit filename="octree/right_arm.cleaned.ot" />
		<Unit filename="octree/right_arm.ot" />
		<Unit filename="package.xml" />
		<Unit filename="src/OcTreeJointAngles.cpp" />
		<Unit filename="src/kinematics_cache.cpp" />
		<Unit filename="src/kinematics_cache_fk_loader.cpp" />
		<Unit filename="src/kinematics_cache_loader.cpp" />
		<Unit filename="src/kinematics_cache_node.cpp" />
		<Unit filename="src/oc_tree_cleaner.cpp" />
		<Unit filename="src/oc_tree_copier.cpp" />
		<Unit filename="src/oc_tree_writer.cpp" />
		<Unit filename="srv/IKQuery.srv" />
		<Unit filename="srv/IKQueryv2.srv" />
		<Extensions>
			<code_completion />
			<debugger />
			<envvars />
		</Extensions>
	</Project>
</CodeBlocks_project_file>
